
Microsoft Visual Studio Solution File, Format Version 12.00
# Visual Studio Version 17
VisualStudioVersion = 17.10.35013.160
MinimumVisualStudioVersion = 10.0.40219.1
Project("{FAE04EC0-301F-11D3-BF4B-00C04F79EFBC}") = "Laboratorio2_A", "Laboratorio2_A\Laboratorio2_A.csproj", "{71E94AF2-EB59-4771-8615-EAC62DE95635}"
EndProject
Global
	GlobalSection(SolutionConfigurationPlatforms) = preSolution
		Debug|Any CPU = Debug|Any CPU
		Release|Any CPU = Release|Any CPU
	EndGlobalSection
	GlobalSection(ProjectConfigurationPlatforms) = postSolution
		{71E94AF2-EB59-4771-8615-EAC62DE95635}.Debug|Any CPU.ActiveCfg = Debug|Any CPU
		{71E94AF2-EB59-4771-8615-EAC62DE95635}.Debug|Any CPU.Build.0 = Debug|Any CPU
		{71E94AF2-EB59-4771-8615-EAC62DE95635}.Release|Any CPU.ActiveCfg = Release|Any CPU
		{71E94AF2-EB59-4771-8615-EAC62DE95635}.Release|Any CPU.Build.0 = Release|Any CPU
	EndGlobalSection
	GlobalSection(SolutionProperties) = preSolution
		HideSolutionNode = FALSE
	EndGlobalSection
	GlobalSection(ExtensibilityGlobals) = postSolution
		SolutionGuid = {20E49AF4-B0A9-4C92-B6E6-DCD0D85CECC7}
	EndGlobalSection
EndGlobal
